
Microsoft Visual Studio Solution File, Format Version 12.00
# Visual Studio Version 17
VisualStudioVersion = 17.13.35828.75 d17.13
MinimumVisualStudioVersion = 10.0.40219.1
Project("{FAE04EC0-301F-11D3-BF4B-00C04F79EFBC}") = "Fase-2-AndersonMolina", "Fase-2-AndersonMolina\Fase-2-AndersonMolina.csproj", "{8EC378A6-7EEA-47BD-A8B1-C2A884D96B60}"
EndProject
Global
	GlobalSection(SolutionConfigurationPlatforms) = preSolution
		Debug|Any CPU = Debug|Any CPU
		Release|Any CPU = Release|Any CPU
	EndGlobalSection
	GlobalSection(ProjectConfigurationPlatforms) = postSolution
		{8EC378A6-7EEA-47BD-A8B1-C2A884D96B60}.Debug|Any CPU.ActiveCfg = Debug|Any CPU
		{8EC378A6-7EEA-47BD-A8B1-C2A884D96B60}.Debug|Any CPU.Build.0 = Debug|Any CPU
		{8EC378A6-7EEA-47BD-A8B1-C2A884D96B60}.Release|Any CPU.ActiveCfg = Release|Any CPU
		{8EC378A6-7EEA-47BD-A8B1-C2A884D96B60}.Release|Any CPU.Build.0 = Release|Any CPU
	EndGlobalSection
	GlobalSection(SolutionProperties) = preSolution
		HideSolutionNode = FALSE
	EndGlobalSection
	GlobalSection(ExtensibilityGlobals) = postSolution
		SolutionGuid = {E4F5491A-F945-430C-A8D6-3308F72BB303}
	EndGlobalSection
EndGlobal
